
Microsoft Visual Studio Solution File, Format Version 12.00
# Visual Studio Version 16
VisualStudioVersion = 16.0.30503.244
MinimumVisualStudioVersion = 10.0.40219.1
Project("{8BC9CEB8-8B4A-11D0-8D11-00A0C91BC942}") = "MachineLib", "MachineLib\MachineLib.vcxproj", "{923ED6E2-2894-4FB5-8DD6-6BB58CD6474A}"
EndProject
Project("{8BC9CEB8-8B4A-11D0-8D11-00A0C91BC942}") = "MachineDemo", "MachineDemo\MachineDemo.vcxproj", "{318E4B0D-CF03-43C5-9217-60C6A3D777BC}"
	ProjectSection(ProjectDependencies) = postProject
		{923ED6E2-2894-4FB5-8DD6-6BB58CD6474A} = {923ED6E2-2894-4FB5-8DD6-6BB58CD6474A}
	EndProjectSection
EndProject
Project("{8BC9CEB8-8B4A-11D0-8D11-00A0C91BC942}") = "CanadianExperience", "CanadianExperience\CanadianExperience.vcxproj", "{CF406C07-3E39-46A8-A076-8BD9513001D7}"
	ProjectSection(ProjectDependencies) = postProject
		{923ED6E2-2894-4FB5-8DD6-6BB58CD6474A} = {923ED6E2-2894-4FB5-8DD6-6BB58CD6474A}
	EndProjectSection
EndProject
Project("{8BC9CEB8-8B4A-11D0-8D11-00A0C91BC942}") = "Testing", "Testing\Testing.vcxproj", "{2B49B3F8-5A23-4BC3-8A77-189C0B2B9671}"
	ProjectSection(ProjectDependencies) = postProject
		{CF406C07-3E39-46A8-A076-8BD9513001D7} = {CF406C07-3E39-46A8-A076-8BD9513001D7}
		{923ED6E2-2894-4FB5-8DD6-6BB58CD6474A} = {923ED6E2-2894-4FB5-8DD6-6BB58CD6474A}
	EndProjectSection
EndProject
Global
	GlobalSection(SolutionConfigurationPlatforms) = preSolution
		Debug|x86 = Debug|x86
		Release|x86 = Release|x86
	EndGlobalSection
	GlobalSection(ProjectConfigurationPlatforms) = postSolution
		{923ED6E2-2894-4FB5-8DD6-6BB58CD6474A}.Debug|x86.ActiveCfg = Debug|Win32
		{923ED6E2-2894-4FB5-8DD6-6BB58CD6474A}.Debug|x86.Build.0 = Debug|Win32
		{923ED6E2-2894-4FB5-8DD6-6BB58CD6474A}.Release|x86.ActiveCfg = Release|Win32
		{923ED6E2-2894-4FB5-8DD6-6BB58CD6474A}.Release|x86.Build.0 = Release|Win32
		{318E4B0D-CF03-43C5-9217-60C6A3D777BC}.Debug|x86.ActiveCfg = Debug|Win32
		{318E4B0D-CF03-43C5-9217-60C6A3D777BC}.Debug|x86.Build.0 = Debug|Win32
		{318E4B0D-CF03-43C5-9217-60C6A3D777BC}.Release|x86.ActiveCfg = Release|Win32
		{318E4B0D-CF03-43C5-9217-60C6A3D777BC}.Release|x86.Build.0 = Release|Win32
		{CF406C07-3E39-46A8-A076-8BD9513001D7}.Debug|x86.ActiveCfg = Debug|Win32
		{CF406C07-3E39-46A8-A076-8BD9513001D7}.Debug|x86.Build.0 = Debug|Win32
		{CF406C07-3E39-46A8-A076-8BD9513001D7}.Release|x86.ActiveCfg = Release|x86
		{CF406C07-3E39-46A8-A076-8BD9513001D7}.Release|x86.Build.0 = Release|x86
		{2B49B3F8-5A23-4BC3-8A77-189C0B2B9671}.Debug|x86.ActiveCfg = Debug|Win32
		{2B49B3F8-5A23-4BC3-8A77-189C0B2B9671}.Debug|x86.Build.0 = Debug|Win32
		{2B49B3F8-5A23-4BC3-8A77-189C0B2B9671}.Release|x86.ActiveCfg = Release|x86
		{2B49B3F8-5A23-4BC3-8A77-189C0B2B9671}.Release|x86.Build.0 = Release|x86
	EndGlobalSection
	GlobalSection(SolutionProperties) = preSolution
		HideSolutionNode = FALSE
	EndGlobalSection
	GlobalSection(ExtensibilityGlobals) = postSolution
		SolutionGuid = {1E4E1C87-08D2-4ABA-A34C-26AB659501AD}
	EndGlobalSection
EndGlobal
